{
  "name": "tonwallet",
  "version": "0.0.8",
  "lockfileVersion": 1,
  "requires": true,
  "dependencies": {
    "dom7": {
      "version": "3.0.0",
      "resolved": "https://registry.npmjs.org/dom7/-/dom7-3.0.0.tgz",
      "integrity": "sha512-oNlcUdHsC4zb7Msx7JN3K0Nro1dzJ48knvBOnDPKJ2GV9wl1i5vydJZUSyOfrkKFDZEud/jBsTk92S/VGSAe/g==",
      "requires": {
        "ssr-window": "^3.0.0-alpha.1"
      }
    },
    "framework7": {
      "version": "6.0.21",
      "resolved": "https://registry.npmjs.org/framework7/-/framework7-6.0.21.tgz",
      "integrity": "sha512-aeFlups4tTly9V5QMzbVDXTLrnrFDkG+5KuzWwWgtEDUKitkojYawCtkkt7L6tnmyk3MIBmW+brVb0a3/v8K7Q==",
      "requires": {
        "dom7": "^3.0.0",
        "htm": "^3.0.4",
        "path-to-regexp": "^6.2.0",
        "skeleton-elements": "^3.3.0",
        "ssr-window": "^3.0.0",
        "swiper": "^6.6.2"
      }
    },
    "htm": {
      "version": "3.0.4",
      "resolved": "https://registry.npmjs.org/htm/-/htm-3.0.4.tgz",
      "integrity": "sha512-VRdvxX3tmrXuT/Ovt59NMp/ORMFi4bceFMDjos1PV4E0mV+5votuID8R60egR9A4U8nLt238R/snlJGz3UYiTQ=="
    },
    "path-to-regexp": {
      "version": "6.2.0",
      "resolved": "https://registry.npmjs.org/path-to-regexp/-/path-to-regexp-6.2.0.tgz",
      "integrity": "sha512-f66KywYG6+43afgE/8j/GoiNyygk/bnoCbps++3ErRKsIYkGGupyv07R2Ok5m9i67Iqc+T2g1eAUGUPzWhYTyg=="
    },
    "skeleton-elements": {
      "version": "3.3.0",
      "resolved": "https://registry.npmjs.org/skeleton-elements/-/skeleton-elements-3.3.0.tgz",
      "integrity": "sha512-vynb/KHHZJ79xW0O9vmiFdqRboxM1VNmRnFP5qcCDa6wKLVd64BlnCFQRt8Ll0v41Qf7efXqo5mDr/9rcp1YCw=="
    },
    "ssr-window": {
      "version": "3.0.0",
      "resolved": "https://registry.npmjs.org/ssr-window/-/ssr-window-3.0.0.tgz",
      "integrity": "sha512-q+8UfWDg9Itrg0yWK7oe5p/XRCJpJF9OBtXfOPgSJl+u3Xd5KI328RUEvUqSMVM9CiQUEf1QdBzJMkYGErj9QA=="
    },
    "swiper": {
      "version": "6.7.0",
      "resolved": "https://registry.npmjs.org/swiper/-/swiper-6.7.0.tgz",
      "integrity": "sha512-zCfvWn7H7mCq7jgVurckhAwkjPUeMCkdC4rA7lagvaD3mIrNhKiaYYo2+nkxMVpiaWuCQ38e44Mya/dKb7HpyQ==",
      "requires": {
        "dom7": "^3.0.0",
        "ssr-window": "^3.0.0"
      }
    },
    "webextension-polyfill": {
      "version": "0.7.0",
      "resolved": "https://registry.npmjs.org/webextension-polyfill/-/webextension-polyfill-0.7.0.tgz",
      "integrity": "sha512-su48BkMLxqzTTvPSE1eWxKToPS2Tv5DLGxKexLEVpwFd6Po6N8hhSLIvG6acPAg7qERoEaDL+Y5HQJeJeml5Aw==",
      "dev": true
    }
  }
}
